
Microsoft Visual Studio Solution File, Format Version 12.00
# Visual Studio Version 17
VisualStudioVersion = 17.9.34723.18
MinimumVisualStudioVersion = 10.0.40219.1
Project("{FAE04EC0-301F-11D3-BF4B-00C04F79EFBC}") = "ms.template.api", "ms.template.api\ms.template.api.csproj", "{9F81A8D3-BC4E-4FE4-9A4C-BFC78B9E2EA8}"
EndProject
Global
	GlobalSection(SolutionConfigurationPlatforms) = preSolution
		Debug|Any CPU = Debug|Any CPU
		Release|Any CPU = Release|Any CPU
	EndGlobalSection
	GlobalSection(ProjectConfigurationPlatforms) = postSolution
		{9F81A8D3-BC4E-4FE4-9A4C-BFC78B9E2EA8}.Debug|Any CPU.ActiveCfg = Debug|Any CPU
		{9F81A8D3-BC4E-4FE4-9A4C-BFC78B9E2EA8}.Debug|Any CPU.Build.0 = Debug|Any CPU
		{9F81A8D3-BC4E-4FE4-9A4C-BFC78B9E2EA8}.Release|Any CPU.ActiveCfg = Release|Any CPU
		{9F81A8D3-BC4E-4FE4-9A4C-BFC78B9E2EA8}.Release|Any CPU.Build.0 = Release|Any CPU
	EndGlobalSection
	GlobalSection(SolutionProperties) = preSolution
		HideSolutionNode = FALSE
	EndGlobalSection
	GlobalSection(ExtensibilityGlobals) = postSolution
		SolutionGuid = {4603D8EC-4D97-4FD9-83B8-33FB04D400C7}
	EndGlobalSection
EndGlobal
